
Microsoft Visual Studio Solution File, Format Version 12.00
# Visual Studio 14
VisualStudioVersion = 14.0.23107.0
MinimumVisualStudioVersion = 10.0.40219.1
Project("{FAE04EC0-301F-11D3-BF4B-00C04F79EFBC}") = "P3_Percobaan1_1204027", "P3_Percobaan1_1204027\P3_Percobaan1_1204027.csproj", "{4B384BE2-A977-48A3-A76C-A22765D8655C}"
EndProject
Global
	GlobalSection(SolutionConfigurationPlatforms) = preSolution
		Debug|Any CPU = Debug|Any CPU
		Release|Any CPU = Release|Any CPU
	EndGlobalSection
	GlobalSection(ProjectConfigurationPlatforms) = postSolution
		{4B384BE2-A977-48A3-A76C-A22765D8655C}.Debug|Any CPU.ActiveCfg = Debug|Any CPU
		{4B384BE2-A977-48A3-A76C-A22765D8655C}.Debug|Any CPU.Build.0 = Debug|Any CPU
		{4B384BE2-A977-48A3-A76C-A22765D8655C}.Release|Any CPU.ActiveCfg = Release|Any CPU
		{4B384BE2-A977-48A3-A76C-A22765D8655C}.Release|Any CPU.Build.0 = Release|Any CPU
	EndGlobalSection
	GlobalSection(SolutionProperties) = preSolution
		HideSolutionNode = FALSE
	EndGlobalSection
EndGlobal
